{
    "name": "hanser-ui",
    "version": "1.0.0",
    "lockfileVersion": 1,
    "requires": true,
    "dependencies": {
        "hanser-css": {
            "version": "git+https://github.com/ZCreturn0/hanser-css.git#11c6311ce18a40ab4301500707c3fd908a494d5e",
            "from": "git+https://github.com/ZCreturn0/hanser-css.git#master"
        }
    }
}
